
Microsoft Visual Studio Solution File, Format Version 12.00
# Visual Studio Version 17
VisualStudioVersion = 17.5.002.0
MinimumVisualStudioVersion = 10.0.40219.1
Project("{9A19103F-16F7-4668-BE54-9A1E7A4F7556}") = "console Apllication", "console Apllication.csproj", "{DC396174-FE3E-42ED-96F5-2A47CF51C869}"
EndProject
Global
	GlobalSection(SolutionConfigurationPlatforms) = preSolution
		Debug|Any CPU = Debug|Any CPU
		Release|Any CPU = Release|Any CPU
	EndGlobalSection
	GlobalSection(ProjectConfigurationPlatforms) = postSolution
		{DC396174-FE3E-42ED-96F5-2A47CF51C869}.Debug|Any CPU.ActiveCfg = Debug|Any CPU
		{DC396174-FE3E-42ED-96F5-2A47CF51C869}.Debug|Any CPU.Build.0 = Debug|Any CPU
		{DC396174-FE3E-42ED-96F5-2A47CF51C869}.Release|Any CPU.ActiveCfg = Release|Any CPU
		{DC396174-FE3E-42ED-96F5-2A47CF51C869}.Release|Any CPU.Build.0 = Release|Any CPU
	EndGlobalSection
	GlobalSection(SolutionProperties) = preSolution
		HideSolutionNode = FALSE
	EndGlobalSection
	GlobalSection(ExtensibilityGlobals) = postSolution
		SolutionGuid = {4C29DEBA-1960-48AA-B721-DF5E416C3A49}
	EndGlobalSection
EndGlobal
